// !$*UTF8*$!
{
	archiveVersion = 1;
	classes = {
	};
	objectVersion = 46;
	objects = {

/* Begin PBXBuildFile section */
		25EE2B33CB4164FBC4AC2A2D /* Pods_HBPhotoBrowser.framework in Frameworks */ = {isa = PBXBuildFile; fileRef = 6FA51CE8CE9697A737438FD2 /* Pods_HBPhotoBrowser.framework */; };
		5E783F441E2DFC3A0052CA1F /* config.swift in Sources */ = {isa = PBXBuildFile; fileRef = 5E783F3E1E2DFC3A0052CA1F /* config.swift */; };
		5E783F451E2DFC3A0052CA1F /* HBPhotoBrowser.bundle in Resources */ = {isa = PBXBuildFile; fileRef = 5E783F3F1E2DFC3A0052CA1F /* HBPhotoBrowser.bundle */; };
		5E783F461E2DFC3A0052CA1F /* HBPhotoBrowser.swift in Sources */ = {isa = PBXBuildFile; fileRef = 5E783F401E2DFC3A0052CA1F /* HBPhotoBrowser.swift */; };
		5E783F471E2DFC3A0052CA1F /* HBPhotosController.swift in Sources */ = {isa = PBXBuildFile; fileRef = 5E783F411E2DFC3A0052CA1F /* HBPhotosController.swift */; };
		5E783F481E2DFC3A0052CA1F /* HBPreviewController.swift in Sources */ = {isa = PBXBuildFile; fileRef = 5E783F421E2DFC3A0052CA1F /* HBPreviewController.swift */; };
		5EE765061D66D65F009C0730 /* AppDelegate.swift in Sources */ = {isa = PBXBuildFile; fileRef = 5EE765051D66D65F009C0730 /* AppDelegate.swift */; };
		5EE765081D66D65F009C0730 /* ViewController.swift in Sources */ = {isa = PBXBuildFile; fileRef = 5EE765071D66D65F009C0730 /* ViewController.swift */; };
		5EE7650B1D66D65F009C0730 /* Main.storyboard in Resources */ = {isa = PBXBuildFile; fileRef = 5EE765091D66D65F009C0730 /* Main.storyboard */; };
		5EE7650D1D66D65F009C0730 /* Assets.xcassets in Resources */ = {isa = PBXBuildFile; fileRef = 5EE7650C1D66D65F009C0730 /* Assets.xcassets */; };
		5EE765101D66D65F009C0730 /* LaunchScreen.storyboard in Resources */ = {isa = PBXBuildFile; fileRef = 5EE7650E1D66D65F009C0730 /* LaunchScreen.storyboard */; };
		5EE7651B1D66D65F009C0730 /* HBPhotoBrowserTests.swift in Sources */ = {isa = PBXBuildFile; fileRef = 5EE7651A1D66D65F009C0730 /* HBPhotoBrowserTests.swift */; };
		5EE765261D66D65F009C0730 /* HBPhotoBrowserUITests.swift in Sources */ = {isa = PBXBuildFile; fileRef = 5EE765251D66D65F009C0730 /* HBPhotoBrowserUITests.swift */; };
		5EE765341D66DC63009C0730 /* Photos.framework in Frameworks */ = {isa = PBXBuildFile; fileRef = 5EE765331D66DC63009C0730 /* Photos.framework */; };
/* End PBXBuildFile section */

/* Begin PBXContainerItemProxy section */
		5EE765171D66D65F009C0730 /* PBXContainerItemProxy */ = {
			isa = PBXContainerItemProxy;
			containerPortal = 5EE764FA1D66D65E009C0730 /* Project object */;
			proxyType = 1;
			remoteGlobalIDString = 5EE765011D66D65F009C0730;
			remoteInfo = HBPhotoBrowser;
		};
		5EE765221D66D65F009C0730 /* PBXContainerItemProxy */ = {
			isa = PBXContainerItemProxy;
			containerPortal = 5EE764FA1D66D65E009C0730 /* Project object */;
			proxyType = 1;
			remoteGlobalIDString = 5EE765011D66D65F009C0730;
			remoteInfo = HBPhotoBrowser;
		};
/* End PBXContainerItemProxy section */

/* Begin PBXFileReference section */
		5E783F3E1E2DFC3A0052CA1F /* config.swift */ = {isa = PBXFileReference; fileEncoding = 4; lastKnownFileType = sourcecode.swift; path = config.swift; sourceTree = "<group>"; };
		5E783F3F1E2DFC3A0052CA1F /* HBPhotoBrowser.bundle */ = {isa = PBXFileReference; lastKnownFileType = "wrapper.plug-in"; path = HBPhotoBrowser.bundle; sourceTree = "<group>"; };
		5E783F401E2DFC3A0052CA1F /* HBPhotoBrowser.swift */ = {isa = PBXFileReference; fileEncoding = 4; lastKnownFileType = sourcecode.swift; path = HBPhotoBrowser.swift; sourceTree = "<group>"; };
		5E783F411E2DFC3A0052CA1F /* HBPhotosController.swift */ = {isa = PBXFileReference; fileEncoding = 4; lastKnownFileType = sourcecode.swift; path = HBPhotosController.swift; sourceTree = "<group>"; };
		5E783F421E2DFC3A0052CA1F /* HBPreviewController.swift */ = {isa = PBXFileReference; fileEncoding = 4; lastKnownFileType = sourcecode.swift; path = HBPreviewController.swift; sourceTree = "<group>"; };
		5E7A52471E32011A003BE59C /* HBPhotoBrowser-Bridging-Header.h */ = {isa = PBXFileReference; lastKnownFileType = sourcecode.c.h; path = "HBPhotoBrowser-Bridging-Header.h"; sourceTree = "<group>"; };
		5EE765021D66D65F009C0730 /* HBPhotoBrowser.app */ = {isa = PBXFileReference; explicitFileType = wrapper.application; includeInIndex = 0; path = HBPhotoBrowser.app; sourceTree = BUILT_PRODUCTS_DIR; };
		5EE765051D66D65F009C0730 /* AppDelegate.swift */ = {isa = PBXFileReference; lastKnownFileType = sourcecode.swift; path = AppDelegate.swift; sourceTree = "<group>"; };
		5EE765071D66D65F009C0730 /* ViewController.swift */ = {isa = PBXFileReference; lastKnownFileType = sourcecode.swift; path = ViewController.swift; sourceTree = "<group>"; };
		5EE7650A1D66D65F009C0730 /* Base */ = {isa = PBXFileReference; lastKnownFileType = file.storyboard; name = Base; path = Base.lproj/Main.storyboard; sourceTree = "<group>"; };
		5EE7650C1D66D65F009C0730 /* Assets.xcassets */ = {isa = PBXFileReference; lastKnownFileType = folder.assetcatalog; path = Assets.xcassets; sourceTree = "<group>"; };
		5EE7650F1D66D65F009C0730 /* Base */ = {isa = PBXFileReference; lastKnownFileType = file.storyboard; name = Base; path = Base.lproj/LaunchScreen.storyboard; sourceTree = "<group>"; };
		5EE765111D66D65F009C0730 /* Info.plist */ = {isa = PBXFileReference; lastKnownFileType = text.plist.xml; path = Info.plist; sourceTree = "<group>"; };
		5EE765161D66D65F009C0730 /* HBPhotoBrowserTests.xctest */ = {isa = PBXFileReference; explicitFileType = wrapper.cfbundle; includeInIndex = 0; path = HBPhotoBrowserTests.xctest; sourceTree = BUILT_PRODUCTS_DIR; };
		5EE7651A1D66D65F009C0730 /* HBPhotoBrowserTests.swift */ = {isa = PBXFileReference; lastKnownFileType = sourcecode.swift; path = HBPhotoBrowserTests.swift; sourceTree = "<group>"; };
		5EE7651C1D66D65F009C0730 /* Info.plist */ = {isa = PBXFileReference; lastKnownFileType = text.plist.xml; path = Info.plist; sourceTree = "<group>"; };
		5EE765211D66D65F009C0730 /* HBPhotoBrowserUITests.xctest */ = {isa = PBXFileReference; explicitFileType = wrapper.cfbundle; includeInIndex = 0; path = HBPhotoBrowserUITests.xctest; sourceTree = BUILT_PRODUCTS_DIR; };
		5EE765251D66D65F009C0730 /* HBPhotoBrowserUITests.swift */ = {isa = PBXFileReference; lastKnownFileType = sourcecode.swift; path = HBPhotoBrowserUITests.swift; sourceTree = "<group>"; };
		5EE765271D66D65F009C0730 /* Info.plist */ = {isa = PBXFileReference; lastKnownFileType = text.plist.xml; path = Info.plist; sourceTree = "<group>"; };
		5EE765331D66DC63009C0730 /* Photos.framework */ = {isa = PBXFileReference; lastKnownFileType = wrapper.framework; name = Photos.framework; path = System/Library/Frameworks/Photos.framework; sourceTree = SDKROOT; };
		60F12DB4AF162CFA36411846 /* Pods-HBPhotoBrowser.release.xcconfig */ = {isa = PBXFileReference; includeInIndex = 1; lastKnownFileType = text.xcconfig; name = "Pods-HBPhotoBrowser.release.xcconfig"; path = "Pods/Target Support Files/Pods-HBPhotoBrowser/Pods-HBPhotoBrowser.release.xcconfig"; sourceTree = "<group>"; };
		6FA51CE8CE9697A737438FD2 /* Pods_HBPhotoBrowser.framework */ = {isa = PBXFileReference; explicitFileType = wrapper.framework; includeInIndex = 0; path = Pods_HBPhotoBrowser.framework; sourceTree = BUILT_PRODUCTS_DIR; };
		ED221810D3F3D1954E612AF7 /* Pods-HBPhotoBrowser.debug.xcconfig */ = {isa = PBXFileReference; includeInIndex = 1; lastKnownFileType = text.xcconfig; name = "Pods-HBPhotoBrowser.debug.xcconfig"; path = "Pods/Target Support Files/Pods-HBPhotoBrowser/Pods-HBPhotoBrowser.debug.xcconfig"; sourceTree = "<group>"; };
/* End PBXFileReference section */

/* Begin PBXFrameworksBuildPhase section */
		5EE764FF1D66D65F009C0730 /* Frameworks */ = {
			isa = PBXFrameworksBuildPhase;
			buildActionMask = 2147483647;
			files = (
				5EE765341D66DC63009C0730 /* Photos.framework in Frameworks */,
				25EE2B33CB4164FBC4AC2A2D /* Pods_HBPhotoBrowser.framework in Frameworks */,
			);
			runOnlyForDeploymentPostprocessing = 0;
		};
		5EE765131D66D65F009C0730 /* Frameworks */ = {
			isa = PBXFrameworksBuildPhase;
			buildActionMask = 2147483647;
			files = (
			);
			runOnlyForDeploymentPostprocessing = 0;
		};
		5EE7651E1D66D65F009C0730 /* Frameworks */ = {
			isa = PBXFrameworksBuildPhase;
			buildActionMask = 2147483647;
			files = (
			);
			runOnlyForDeploymentPostprocessing = 0;
		};
/* End PBXFrameworksBuildPhase section */

/* Begin PBXGroup section */
		1DD1BA6E2287E959DEB5991F /* Pods */ = {
			isa = PBXGroup;
			children = (
				ED221810D3F3D1954E612AF7 /* Pods-HBPhotoBrowser.debug.xcconfig */,
				60F12DB4AF162CFA36411846 /* Pods-HBPhotoBrowser.release.xcconfig */,
			);
			name = Pods;
			sourceTree = "<group>";
		};
		5E783F3D1E2DFC3A0052CA1F /* HBPhotoBrowser-Main */ = {
			isa = PBXGroup;
			children = (
				5E783F3F1E2DFC3A0052CA1F /* HBPhotoBrowser.bundle */,
				5E783F3E1E2DFC3A0052CA1F /* config.swift */,
				5E783F401E2DFC3A0052CA1F /* HBPhotoBrowser.swift */,
				5E783F411E2DFC3A0052CA1F /* HBPhotosController.swift */,
				5E783F421E2DFC3A0052CA1F /* HBPreviewController.swift */,
			);
			path = "HBPhotoBrowser-Main";
			sourceTree = "<group>";
		};
		5EE764F91D66D65E009C0730 = {
			isa = PBXGroup;
			children = (
				5EE765331D66DC63009C0730 /* Photos.framework */,
				5EE765041D66D65F009C0730 /* HBPhotoBrowser */,
				5EE765191D66D65F009C0730 /* HBPhotoBrowserTests */,
				5EE765241D66D65F009C0730 /* HBPhotoBrowserUITests */,
				5EE765031D66D65F009C0730 /* Products */,
				1DD1BA6E2287E959DEB5991F /* Pods */,
				B24CCA0D492DAB7229B32A89 /* Frameworks */,
			);
			sourceTree = "<group>";
		};
		5EE765031D66D65F009C0730 /* Products */ = {
			isa = PBXGroup;
			children = (
				5EE765021D66D65F009C0730 /* HBPhotoBrowser.app */,
				5EE765161D66D65F009C0730 /* HBPhotoBrowserTests.xctest */,
				5EE765211D66D65F009C0730 /* HBPhotoBrowserUITests.xctest */,
			);
			name = Products;
			sourceTree = "<group>";
		};
		5EE765041D66D65F009C0730 /* HBPhotoBrowser */ = {
			isa = PBXGroup;
			children = (
				5E783F3D1E2DFC3A0052CA1F /* HBPhotoBrowser-Main */,
				5EE765051D66D65F009C0730 /* AppDelegate.swift */,
				5EE765071D66D65F009C0730 /* ViewController.swift */,
				5EE765091D66D65F009C0730 /* Main.storyboard */,
				5EE7650C1D66D65F009C0730 /* Assets.xcassets */,
				5EE7650E1D66D65F009C0730 /* LaunchScreen.storyboard */,
				5EE765111D66D65F009C0730 /* Info.plist */,
				5E7A52471E32011A003BE59C /* HBPhotoBrowser-Bridging-Header.h */,
			);
			path = HBPhotoBrowser;
			sourceTree = "<group>";
		};
		5EE765191D66D65F009C0730 /* HBPhotoBrowserTests */ = {
			isa = PBXGroup;
			children = (
				5EE7651A1D66D65F009C0730 /* HBPhotoBrowserTests.swift */,
				5EE7651C1D66D65F009C0730 /* Info.plist */,
			);
			path = HBPhotoBrowserTests;
			sourceTree = "<group>";
		};
		5EE765241D66D65F009C0730 /* HBPhotoBrowserUITests */ = {
			isa = PBXGroup;
			children = (
				5EE765251D66D65F009C0730 /* HBPhotoBrowserUITests.swift */,
				5EE765271D66D65F009C0730 /* Info.plist */,
			);
			path = HBPhotoBrowserUITests;
			sourceTree = "<group>";
		};
		B24CCA0D492DAB7229B32A89 /* Frameworks */ = {
			isa = PBXGroup;
			children = (
				6FA51CE8CE9697A737438FD2 /* Pods_HBPhotoBrowser.framework */,
			);
			name = Frameworks;
			sourceTree = "<group>";
		};
/* End PBXGroup section */

/* Begin PBXNativeTarget section */
		5EE765011D66D65F009C0730 /* HBPhotoBrowser */ = {
			isa = PBXNativeTarget;
			buildConfigurationList = 5EE7652A1D66D65F009C0730 /* Build configuration list for PBXNativeTarget "HBPhotoBrowser" */;
			buildPhases = (
				678C9EB5DBD430FA3EB66D45 /* [CP] Check Pods Manifest.lock */,
				5EE764FE1D66D65F009C0730 /* Sources */,
				5EE764FF1D66D65F009C0730 /* Frameworks */,
				5EE765001D66D65F009C0730 /* Resources */,
				BEFFBCC74A59DDE2FDD4FFBE /* [CP] Embed Pods Frameworks */,
				FA2CFEC062896ECBD0A4B921 /* [CP] Copy Pods Resources */,
			);
			buildRules = (
			);
			dependencies = (
			);
			name = HBPhotoBrowser;
			productName = HBPhotoBrowser;
			productReference = 5EE765021D66D65F009C0730 /* HBPhotoBrowser.app */;
			productType = "com.apple.product-type.application";
		};
		5EE765151D66D65F009C0730 /* HBPhotoBrowserTests */ = {
			isa = PBXNativeTarget;
			buildConfigurationList = 5EE7652D1D66D65F009C0730 /* Build configuration list for PBXNativeTarget "HBPhotoBrowserTests" */;
			buildPhases = (
				5EE765121D66D65F009C0730 /* Sources */,
				5EE765131D66D65F009C0730 /* Frameworks */,
				5EE765141D66D65F009C0730 /* Resources */,
			);
			buildRules = (
			);
			dependencies = (
				5EE765181D66D65F009C0730 /* PBXTargetDependency */,
			);
			name = HBPhotoBrowserTests;
			productName = HBPhotoBrowserTests;
			productReference = 5EE765161D66D65F009C0730 /* HBPhotoBrowserTests.xctest */;
			productType = "com.apple.product-type.bundle.unit-test";
		};
		5EE765201D66D65F009C0730 /* HBPhotoBrowserUITests */ = {
			isa = PBXNativeTarget;
			buildConfigurationList = 5EE765301D66D65F009C0730 /* Build configuration list for PBXNativeTarget "HBPhotoBrowserUITests" */;
			buildPhases = (
				5EE7651D1D66D65F009C0730 /* Sources */,
				5EE7651E1D66D65F009C0730 /* Frameworks */,
				5EE7651F1D66D65F009C0730 /* Resources */,
			);
			buildRules = (
			);
			dependencies = (
				5EE765231D66D65F009C0730 /* PBXTargetDependency */,
			);
			name = HBPhotoBrowserUITests;
			productName = HBPhotoBrowserUITests;
			productReference = 5EE765211D66D65F009C0730 /* HBPhotoBrowserUITests.xctest */;
			productType = "com.apple.product-type.bundle.ui-testing";
		};
/* End PBXNativeTarget section */

/* Begin PBXProject section */
		5EE764FA1D66D65E009C0730 /* Project object */ = {
			isa = PBXProject;
			attributes = {
				LastSwiftUpdateCheck = 0730;
				LastUpgradeCheck = 0830;
				ORGANIZATIONNAME = "伍宏彬";
				TargetAttributes = {
					5EE765011D66D65F009C0730 = {
						CreatedOnToolsVersion = 7.3;
						DevelopmentTeam = 26N4VZYSFU;
						LastSwiftMigration = 0820;
					};
					5EE765151D66D65F009C0730 = {
						CreatedOnToolsVersion = 7.3;
						LastSwiftMigration = 0810;
						TestTargetID = 5EE765011D66D65F009C0730;
					};
					5EE765201D66D65F009C0730 = {
						CreatedOnToolsVersion = 7.3;
						LastSwiftMigration = 0810;
						TestTargetID = 5EE765011D66D65F009C0730;
					};
				};
			};
			buildConfigurationList = 5EE764FD1D66D65E009C0730 /* Build configuration list for PBXProject "HBPhotoBrowser" */;
			compatibilityVersion = "Xcode 3.2";
			developmentRegion = English;
			hasScannedForEncodings = 0;
			knownRegions = (
				en,
				Base,
			);
			mainGroup = 5EE764F91D66D65E009C0730;
			productRefGroup = 5EE765031D66D65F009C0730 /* Products */;
			projectDirPath = "";
			projectRoot = "";
			targets = (
				5EE765011D66D65F009C0730 /* HBPhotoBrowser */,
				5EE765151D66D65F009C0730 /* HBPhotoBrowserTests */,
				5EE765201D66D65F009C0730 /* HBPhotoBrowserUITests */,
			);
		};
/* End PBXProject section */

/* Begin PBXResourcesBuildPhase section */
		5EE765001D66D65F009C0730 /* Resources */ = {
			isa = PBXResourcesBuildPhase;
			buildActionMask = 2147483647;
			files = (
				5EE765101D66D65F009C0730 /* LaunchScreen.storyboard in Resources */,
				5E783F451E2DFC3A0052CA1F /* HBPhotoBrowser.bundle in Resources */,
				5EE7650D1D66D65F009C0730 /* Assets.xcassets in Resources */,
				5EE7650B1D66D65F009C0730 /* Main.storyboard in Resources */,
			);
			runOnlyForDeploymentPostprocessing = 0;
		};
		5EE765141D66D65F009C0730 /* Resources */ = {
			isa = PBXResourcesBuildPhase;
			buildActionMask = 2147483647;
			files = (
			);
			runOnlyForDeploymentPostprocessing = 0;
		};
		5EE7651F1D66D65F009C0730 /* Resources */ = {
			isa = PBXResourcesBuildPhase;
			buildActionMask = 2147483647;
			files = (
			);
			runOnlyForDeploymentPostprocessing = 0;
		};
/* End PBXResourcesBuildPhase section */

/* Begin PBXShellScriptBuildPhase section */
		678C9EB5DBD430FA3EB66D45 /* [CP] Check Pods Manifest.lock */ = {
			isa = PBXShellScriptBuildPhase;
			buildActionMask = 2147483647;
			files = (
			);
			inputPaths = (
			);
			name = "[CP] Check Pods Manifest.lock";
			outputPaths = (
			);
			runOnlyForDeploymentPostprocessing = 0;
			shellPath = /bin/sh;
			shellScript = "diff \"${PODS_ROOT}/../Podfile.lock\" \"${PODS_ROOT}/Manifest.lock\" > /dev/null\nif [ $? != 0 ] ; then\n    # print error to STDERR\n    echo \"error: The sandbox is not in sync with the Podfile.lock. Run 'pod install' or update your CocoaPods installation.\" >&2\n    exit 1\nfi\n";
			showEnvVarsInLog = 0;
		};
		BEFFBCC74A59DDE2FDD4FFBE /* [CP] Embed Pods Frameworks */ = {
			isa = PBXShellScriptBuildPhase;
			buildActionMask = 2147483647;
			files = (
			);
			inputPaths = (
			);
			name = "[CP] Embed Pods Frameworks";
			outputPaths = (
			);
			runOnlyForDeploymentPostprocessing = 0;
			shellPath = /bin/sh;
			shellScript = "\"${SRCROOT}/Pods/Target Support Files/Pods-HBPhotoBrowser/Pods-HBPhotoBrowser-frameworks.sh\"\n";
			showEnvVarsInLog = 0;
		};
		FA2CFEC062896ECBD0A4B921 /* [CP] Copy Pods Resources */ = {
			isa = PBXShellScriptBuildPhase;
			buildActionMask = 2147483647;
			files = (
			);
			inputPaths = (
			);
			name = "[CP] Copy Pods Resources";
			outputPaths = (
			);
			runOnlyForDeploymentPostprocessing = 0;
			shellPath = /bin/sh;
			shellScript = "\"${SRCROOT}/Pods/Target Support Files/Pods-HBPhotoBrowser/Pods-HBPhotoBrowser-resources.sh\"\n";
			showEnvVarsInLog = 0;
		};
/* End PBXShellScriptBuildPhase section */

/* Begin PBXSourcesBuildPhase section */
		5EE764FE1D66D65F009C0730 /* Sources */ = {
			isa = PBXSourcesBuildPhase;
			buildActionMask = 2147483647;
			files = (
				5E783F441E2DFC3A0052CA1F /* config.swift in Sources */,
				5EE765081D66D65F009C0730 /* ViewController.swift in Sources */,
				5E783F481E2DFC3A0052CA1F /* HBPreviewController.swift in Sources */,
				5EE765061D66D65F009C0730 /* AppDelegate.swift in Sources */,
				5E783F461E2DFC3A0052CA1F /* HBPhotoBrowser.swift in Sources */,
				5E783F471E2DFC3A0052CA1F /* HBPhotosController.swift in Sources */,
			);
			runOnlyForDeploymentPostprocessing = 0;
		};
		5EE765121D66D65F009C0730 /* Sources */ = {
			isa = PBXSourcesBuildPhase;
			buildActionMask = 2147483647;
			files = (
				5EE7651B1D66D65F009C0730 /* HBPhotoBrowserTests.swift in Sources */,
			);
			runOnlyForDeploymentPostprocessing = 0;
		};
		5EE7651D1D66D65F009C0730 /* Sources */ = {
			isa = PBXSourcesBuildPhase;
			buildActionMask = 2147483647;
			files = (
				5EE765261D66D65F009C0730 /* HBPhotoBrowserUITests.swift in Sources */,
			);
			runOnlyForDeploymentPostprocessing = 0;
		};
/* End PBXSourcesBuildPhase section */

/* Begin PBXTargetDependency section */
		5EE765181D66D65F009C0730 /* PBXTargetDependency */ = {
			isa = PBXTargetDependency;
			target = 5EE765011D66D65F009C0730 /* HBPhotoBrowser */;
			targetProxy = 5EE765171D66D65F009C0730 /* PBXContainerItemProxy */;
		};
		5EE765231D66D65F009C0730 /* PBXTargetDependency */ = {
			isa = PBXTargetDependency;
			target = 5EE765011D66D65F009C0730 /* HBPhotoBrowser */;
			targetProxy = 5EE765221D66D65F009C0730 /* PBXContainerItemProxy */;
		};
/* End PBXTargetDependency section */

/* Begin PBXVariantGroup section */
		5EE765091D66D65F009C0730 /* Main.storyboard */ = {
			isa = PBXVariantGroup;
			children = (
				5EE7650A1D66D65F009C0730 /* Base */,
			);
			name = Main.storyboard;
			sourceTree = "<group>";
		};
		5EE7650E1D66D65F009C0730 /* LaunchScreen.storyboard */ = {
			isa = PBXVariantGroup;
			children = (
				5EE7650F1D66D65F009C0730 /* Base */,
			);
			name = LaunchScreen.storyboard;
			sourceTree = "<group>";
		};
/* End PBXVariantGroup section */

/* Begin XCBuildConfiguration section */
		5EE765281D66D65F009C0730 /* Debug */ = {
			isa = XCBuildConfiguration;
			buildSettings = {
				ALWAYS_SEARCH_USER_PATHS = NO;
				CLANG_ANALYZER_NONNULL = YES;
				CLANG_CXX_LANGUAGE_STANDARD = "gnu++0x";
				CLANG_CXX_LIBRARY = "libc++";
				CLANG_ENABLE_MODULES = YES;
				CLANG_ENABLE_OBJC_ARC = YES;
				CLANG_WARN_BOOL_CONVERSION = YES;
				CLANG_WARN_CONSTANT_CONVERSION = YES;
				CLANG_WARN_DIRECT_OBJC_ISA_USAGE = YES_ERROR;
				CLANG_WARN_EMPTY_BODY = YES;
				CLANG_WARN_ENUM_CONVERSION = YES;
				CLANG_WARN_INFINITE_RECURSION = YES;
				CLANG_WARN_INT_CONVERSION = YES;
				CLANG_WARN_OBJC_ROOT_CLASS = YES_ERROR;
				CLANG_WARN_SUSPICIOUS_MOVE = YES;
				CLANG_WARN_UNREACHABLE_CODE = YES;
				CLANG_WARN__DUPLICATE_METHOD_MATCH = YES;
				"CODE_SIGN_IDENTITY[sdk=iphoneos*]" = "iPhone Developer";
				COPY_PHASE_STRIP = NO;
				DEBUG_INFORMATION_FORMAT = dwarf;
				ENABLE_STRICT_OBJC_MSGSEND = YES;
				ENABLE_TESTABILITY = YES;
				GCC_C_LANGUAGE_STANDARD = gnu99;
				GCC_DYNAMIC_NO_PIC = NO;
				GCC_NO_COMMON_BLOCKS = YES;
				GCC_OPTIMIZATION_LEVEL = 0;
				GCC_PREPROCESSOR_DEFINITIONS = (
					"DEBUG=1",
					"$(inherited)",
				);
				GCC_WARN_64_TO_32_BIT_CONVERSION = YES;
				GCC_WARN_ABOUT_RETURN_TYPE = YES_ERROR;
				GCC_WARN_UNDECLARED_SELECTOR = YES;
				GCC_WARN_UNINITIALIZED_AUTOS = YES_AGGRESSIVE;
				GCC_WARN_UNUSED_FUNCTION = YES;
				GCC_WARN_UNUSED_VARIABLE = YES;
				IPHONEOS_DEPLOYMENT_TARGET = 9.3;
				MTL_ENABLE_DEBUG_INFO = YES;
				ONLY_ACTIVE_ARCH = YES;
				SDKROOT = iphoneos;
				SWIFT_OPTIMIZATION_LEVEL = "-Onone";
				TARGETED_DEVICE_FAMILY = "1,2";
			};
			name = Debug;
		};
		5EE765291D66D65F009C0730 /* Release */ = {
			isa = XCBuildConfiguration;
			buildSettings = {
				ALWAYS_SEARCH_USER_PATHS = NO;
				CLANG_ANALYZER_NONNULL = YES;
				CLANG_CXX_LANGUAGE_STANDARD = "gnu++0x";
				CLANG_CXX_LIBRARY = "libc++";
				CLANG_ENABLE_MODULES = YES;
				CLANG_ENABLE_OBJC_ARC = YES;
				CLANG_WARN_BOOL_CONVERSION = YES;
				CLANG_WARN_CONSTANT_CONVERSION = YES;
				CLANG_WARN_DIRECT_OBJC_ISA_USAGE = YES_ERROR;
				CLANG_WARN_EMPTY_BODY = YES;
				CLANG_WARN_ENUM_CONVERSION = YES;
				CLANG_WARN_INFINITE_RECURSION = YES;
				CLANG_WARN_INT_CONVERSION = YES;
				CLANG_WARN_OBJC_ROOT_CLASS = YES_ERROR;
				CLANG_WARN_SUSPICIOUS_MOVE = YES;
				CLANG_WARN_UNREACHABLE_CODE = YES;
				CLANG_WARN__DUPLICATE_METHOD_MATCH = YES;
				"CODE_SIGN_IDENTITY[sdk=iphoneos*]" = "iPhone Developer";
				COPY_PHASE_STRIP = NO;
				DEBUG_INFORMATION_FORMAT = "dwarf-with-dsym";
				ENABLE_NS_ASSERTIONS = NO;
				ENABLE_STRICT_OBJC_MSGSEND = YES;
				GCC_C_LANGUAGE_STANDARD = gnu99;
				GCC_NO_COMMON_BLOCKS = YES;
				GCC_WARN_64_TO_32_BIT_CONVERSION = YES;
				GCC_WARN_ABOUT_RETURN_TYPE = YES_ERROR;
				GCC_WARN_UNDECLARED_SELECTOR = YES;
				GCC_WARN_UNINITIALIZED_AUTOS = YES_AGGRESSIVE;
				GCC_WARN_UNUSED_FUNCTION = YES;
				GCC_WARN_UNUSED_VARIABLE = YES;
				IPHONEOS_DEPLOYMENT_TARGET = 9.3;
				MTL_ENABLE_DEBUG_INFO = NO;
				SDKROOT = iphoneos;
				SWIFT_OPTIMIZATION_LEVEL = "-Owholemodule";
				TARGETED_DEVICE_FAMILY = "1,2";
				VALIDATE_PRODUCT = YES;
			};
			name = Release;
		};
		5EE7652B1D66D65F009C0730 /* Debug */ = {
			isa = XCBuildConfiguration;
			baseConfigurationReference = ED221810D3F3D1954E612AF7 /* Pods-HBPhotoBrowser.debug.xcconfig */;
			buildSettings = {
				ASSETCATALOG_COMPILER_APPICON_NAME = AppIcon;
				ASSETCATALOG_COMPILER_LAUNCHIMAGE_NAME = LaunchImage;
				CLANG_ENABLE_MODULES = YES;
				CODE_SIGN_IDENTITY = "iPhone Developer";
				"CODE_SIGN_IDENTITY[sdk=iphoneos*]" = "iPhone Developer";
				DEVELOPMENT_TEAM = 26N4VZYSFU;
				INFOPLIST_FILE = HBPhotoBrowser/Info.plist;
				IPHONEOS_DEPLOYMENT_TARGET = 9.0;
				LD_RUNPATH_SEARCH_PATHS = "$(inherited) @executable_path/Frameworks";
				PRODUCT_BUNDLE_IDENTIFIER = com.HBTest.test;
				PRODUCT_NAME = "$(TARGET_NAME)";
				PROVISIONING_PROFILE = "";
				SWIFT_OBJC_BRIDGING_HEADER = "HBPhotoBrowser/HBPhotoBrowser-Bridging-Header.h";
				SWIFT_OPTIMIZATION_LEVEL = "-Onone";
				SWIFT_VERSION = 3.0;
				TARGETED_DEVICE_FAMILY = 1;
				USER_HEADER_SEARCH_PATHS = "${SRCROOT}/**";
			};
			name = Debug;
		};
		5EE7652C1D66D65F009C0730 /* Release */ = {
			isa = XCBuildConfiguration;
			baseConfigurationReference = 60F12DB4AF162CFA36411846 /* Pods-HBPhotoBrowser.release.xcconfig */;
			buildSettings = {
				ASSETCATALOG_COMPILER_APPICON_NAME = AppIcon;
				ASSETCATALOG_COMPILER_LAUNCHIMAGE_NAME = LaunchImage;
				CLANG_ENABLE_MODULES = YES;
				CODE_SIGN_IDENTITY = "iPhone Developer";
				"CODE_SIGN_IDENTITY[sdk=iphoneos*]" = "iPhone Developer";
				DEVELOPMENT_TEAM = 26N4VZYSFU;
				INFOPLIST_FILE = HBPhotoBrowser/Info.plist;
				IPHONEOS_DEPLOYMENT_TARGET = 9.0;
				LD_RUNPATH_SEARCH_PATHS = "$(inherited) @executable_path/Frameworks";
				PRODUCT_BUNDLE_IDENTIFIER = com.HBTest.test;
				PRODUCT_NAME = "$(TARGET_NAME)";
				PROVISIONING_PROFILE = "";
				SWIFT_OBJC_BRIDGING_HEADER = "HBPhotoBrowser/HBPhotoBrowser-Bridging-Header.h";
				SWIFT_VERSION = 3.0;
				TARGETED_DEVICE_FAMILY = 1;
				USER_HEADER_SEARCH_PATHS = "${SRCROOT}/**";
			};
			name = Release;
		};
		5EE7652E1D66D65F009C0730 /* Debug */ = {
			isa = XCBuildConfiguration;
			buildSettings = {
				BUNDLE_LOADER = "$(TEST_HOST)";
				INFOPLIST_FILE = HBPhotoBrowserTests/Info.plist;
				LD_RUNPATH_SEARCH_PATHS = "$(inherited) @executable_path/Frameworks @loader_path/Frameworks";
				PRODUCT_BUNDLE_IDENTIFIER = whb.HBPhotoBrowserTests;
				PRODUCT_NAME = "$(TARGET_NAME)";
				SWIFT_VERSION = 3.0;
				TEST_HOST = "$(BUILT_PRODUCTS_DIR)/HBPhotoBrowser.app/HBPhotoBrowser";
			};
			name = Debug;
		};
		5EE7652F1D66D65F009C0730 /* Release */ = {
			isa = XCBuildConfiguration;
			buildSettings = {
				BUNDLE_LOADER = "$(TEST_HOST)";
				INFOPLIST_FILE = HBPhotoBrowserTests/Info.plist;
				LD_RUNPATH_SEARCH_PATHS = "$(inherited) @executable_path/Frameworks @loader_path/Frameworks";
				PRODUCT_BUNDLE_IDENTIFIER = whb.HBPhotoBrowserTests;
				PRODUCT_NAME = "$(TARGET_NAME)";
				SWIFT_VERSION = 3.0;
				TEST_HOST = "$(BUILT_PRODUCTS_DIR)/HBPhotoBrowser.app/HBPhotoBrowser";
			};
			name = Release;
		};
		5EE765311D66D65F009C0730 /* Debug */ = {
			isa = XCBuildConfiguration;
			buildSettings = {
				INFOPLIST_FILE = HBPhotoBrowserUITests/Info.plist;
				LD_RUNPATH_SEARCH_PATHS = "$(inherited) @executable_path/Frameworks @loader_path/Frameworks";
				PRODUCT_BUNDLE_IDENTIFIER = whb.HBPhotoBrowserUITests;
				PRODUCT_NAME = "$(TARGET_NAME)";
				SWIFT_VERSION = 3.0;
				TEST_TARGET_NAME = HBPhotoBrowser;
			};
			name = Debug;
		};
		5EE765321D66D65F009C0730 /* Release */ = {
			isa = XCBuildConfiguration;
			buildSettings = {
				INFOPLIST_FILE = HBPhotoBrowserUITests/Info.plist;
				LD_RUNPATH_SEARCH_PATHS = "$(inherited) @executable_path/Frameworks @loader_path/Frameworks";
				PRODUCT_BUNDLE_IDENTIFIER = whb.HBPhotoBrowserUITests;
				PRODUCT_NAME = "$(TARGET_NAME)";
				SWIFT_VERSION = 3.0;
				TEST_TARGET_NAME = HBPhotoBrowser;
			};
			name = Release;
		};
/* End XCBuildConfiguration section */

/* Begin XCConfigurationList section */
		5EE764FD1D66D65E009C0730 /* Build configuration list for PBXProject "HBPhotoBrowser" */ = {
			isa = XCConfigurationList;
			buildConfigurations = (
				5EE765281D66D65F009C0730 /* Debug */,
				5EE765291D66D65F009C0730 /* Release */,
			);
			defaultConfigurationIsVisible = 0;
			defaultConfigurationName = Release;
		};
		5EE7652A1D66D65F009C0730 /* Build configuration list for PBXNativeTarget "HBPhotoBrowser" */ = {
			isa = XCConfigurationList;
			buildConfigurations = (
				5EE7652B1D66D65F009C0730 /* Debug */,
				5EE7652C1D66D65F009C0730 /* Release */,
			);
			defaultConfigurationIsVisible = 0;
			defaultConfigurationName = Release;
		};
		5EE7652D1D66D65F009C0730 /* Build configuration list for PBXNativeTarget "HBPhotoBrowserTests" */ = {
			isa = XCConfigurationList;
			buildConfigurations = (
				5EE7652E1D66D65F009C0730 /* Debug */,
				5EE7652F1D66D65F009C0730 /* Release */,
			);
			defaultConfigurationIsVisible = 0;
			defaultConfigurationName = Release;
		};
		5EE765301D66D65F009C0730 /* Build configuration list for PBXNativeTarget "HBPhotoBrowserUITests" */ = {
			isa = XCConfigurationList;
			buildConfigurations = (
				5EE765311D66D65F009C0730 /* Debug */,
				5EE765321D66D65F009C0730 /* Release */,
			);
			defaultConfigurationIsVisible = 0;
			defaultConfigurationName = Release;
		};
/* End XCConfigurationList section */
	};
	rootObject = 5EE764FA1D66D65E009C0730 /* Project object */;
}
